
Microsoft Visual Studio Solution File, Format Version 12.00
Project("{FAE04EC0-301F-11D3-BF4B-00C04F79EFBC}") = "Facade", "Facade\Facade.csproj", "{6343E872-BB21-44C4-BFDB-847C2A74A08E}"
EndProject
Project("{FAE04EC0-301F-11D3-BF4B-00C04F79EFBC}") = "Common", "Common\Common.csproj", "{5ACC04F4-81CC-4346-8677-1D9A1A6BB465}"
EndProject
Global
	GlobalSection(SolutionConfigurationPlatforms) = preSolution
		Debug|Any CPU = Debug|Any CPU
		Release|Any CPU = Release|Any CPU
	EndGlobalSection
	GlobalSection(ProjectConfigurationPlatforms) = postSolution
		{6343E872-BB21-44C4-BFDB-847C2A74A08E}.Debug|Any CPU.ActiveCfg = Debug|Any CPU
		{6343E872-BB21-44C4-BFDB-847C2A74A08E}.Debug|Any CPU.Build.0 = Debug|Any CPU
		{6343E872-BB21-44C4-BFDB-847C2A74A08E}.Release|Any CPU.ActiveCfg = Release|Any CPU
		{6343E872-BB21-44C4-BFDB-847C2A74A08E}.Release|Any CPU.Build.0 = Release|Any CPU
		{5ACC04F4-81CC-4346-8677-1D9A1A6BB465}.Debug|Any CPU.ActiveCfg = Debug|Any CPU
		{5ACC04F4-81CC-4346-8677-1D9A1A6BB465}.Debug|Any CPU.Build.0 = Debug|Any CPU
		{5ACC04F4-81CC-4346-8677-1D9A1A6BB465}.Release|Any CPU.ActiveCfg = Release|Any CPU
		{5ACC04F4-81CC-4346-8677-1D9A1A6BB465}.Release|Any CPU.Build.0 = Release|Any CPU
	EndGlobalSection
EndGlobal
